hash: 235e9abb90d8ed3a2c7c09ea0300a65c245c4dae973a3de3dda4e4017d93666a
updated: 2019-08-09T13:29:26.489515-04:00
imports:
- name: github.com/fsnotify/fsnotify
  version: 1485a34d5d5723fea214f5710708e19a831720e4
- name: github.com/hashicorp/hcl
  version: cf7d376da96d9cecec7c7483cec2735efe54a410
  subpackages:
  - hcl/ast
  - hcl/parser
  - hcl/printer
  - hcl/scanner
  - hcl/strconv
  - hcl/token
  - json/parser
  - json/scanner
  - json/token
- name: github.com/jinzhu/gorm
  version: 836fb2c19d84dac7b0272958dfb9af7cf0d0ade4
- name: github.com/jinzhu/inflection
  version: f5c5f50e6090ae76a29240b61ae2a90dd810112e
- name: github.com/labstack/gommon
  version: 1f43c1e9c3eba1ab38ea5147084a00da1b0b0f3e
  subpackages:
  - color
  - log
- name: github.com/lib/pq
  version: 3427c32cb71afc948325f299f040e53c1dd78979
  subpackages:
  - oid
  - scram
- name: github.com/magiconair/properties
  version: de8848e004dd33dc07a2947b3d76f618a7fc7ef1
- name: github.com/mattn/go-colorable
  version: c52ace132bf44798a21f16fdafaaafbf329519e2
- name: github.com/mattn/go-isatty
  version: da60ac76bf7019a8b005f8dd1ad9d1a0e6434155
- name: github.com/mitchellh/mapstructure
  version: 3536a929edddb9a5b34bd6861dc4a9647cb459fe
- name: github.com/pelletier/go-toml
  version: 84da2c4a25c585816f2c4211b699228d111d18ab
- name: github.com/spf13/afero
  version: 588a75ec4f32903aa5e39a2619ba6a4631e28424
  subpackages:
  - mem
- name: github.com/spf13/cast
  version: c01685bb8421cecb276fa517e91f757215f980b3
- name: github.com/spf13/jwalterweatherman
  version: 94f6ae3ed3bceceafa716478c5fbf8d29ca601a1
- name: github.com/spf13/pflag
  version: 24fa6976df40757dce6aea913e7b81ade90530e1
- name: github.com/spf13/viper
  version: 33bf76add3b746c1d275f0a5451b4d5750b2f2ff
- name: github.com/subosito/gotenv
  version: 2ef7124db659d49edac6aa459693a15ae36c671a
- name: github.com/tylerb/graceful
  version: d72b0151351a13d0421b763b88f791469c4f5dc7
- name: github.com/valyala/bytebufferpool
  version: cdfbe9377474227bb42120c1e22fd4433e7f69bf
- name: github.com/valyala/fasttemplate
  version: 8b5e4e491ab636663841c42ea3c5a9adebabaf36
- name: golang.org/x/crypto
  version: 4def268fd1a49955bfb3dda92fe3db4f924f2285
  subpackages:
  - acme
  - acme/autocert
- name: golang.org/x/net
  version: ca1201d0de80cfde86cb01aea620983605dfe99b
  subpackages:
  - idna
- name: golang.org/x/sys
  version: 51ab0e2deafac1f46c46ad59cf0921be2f180c3d
  subpackages:
  - unix
- name: golang.org/x/text
  version: 342b2e1fbaa52c93f31447ad2c6abc048c63e475
  subpackages:
  - secure/bidirule
  - transform
  - unicode/bidi
  - unicode/norm
- name: gopkg.in/echo.v3
  version: 8d504c1b699c757b267255c53b3e5219f9974abc
- name: gopkg.in/yaml.v2
  version: 51d6538a90f86fe93ac480b35f37b2be17fef232
testImports: []
